
Microsoft Visual Studio Solution File, Format Version 12.00
# Visual Studio Version 16
VisualStudioVersion = 16.0.30225.117
MinimumVisualStudioVersion = 10.0.40219.1
Project("{FAE04EC0-301F-11D3-BF4B-00C04F79EFBC}") = "Testing.BookStore", "Testing.BookStore\Testing.BookStore.csproj", "{C893204B-584E-4CF5-AE31-D2191E134F48}"
EndProject
Global
	GlobalSection(SolutionConfigurationPlatforms) = preSolution
		Debug|Any CPU = Debug|Any CPU
		Release|Any CPU = Release|Any CPU
	EndGlobalSection
	GlobalSection(ProjectConfigurationPlatforms) = postSolution
		{C893204B-584E-4CF5-AE31-D2191E134F48}.Debug|Any CPU.ActiveCfg = Debug|Any CPU
		{C893204B-584E-4CF5-AE31-D2191E134F48}.Debug|Any CPU.Build.0 = Debug|Any CPU
		{C893204B-584E-4CF5-AE31-D2191E134F48}.Release|Any CPU.ActiveCfg = Release|Any CPU
		{C893204B-584E-4CF5-AE31-D2191E134F48}.Release|Any CPU.Build.0 = Release|Any CPU
	EndGlobalSection
	GlobalSection(SolutionProperties) = preSolution
		HideSolutionNode = FALSE
	EndGlobalSection
	GlobalSection(ExtensibilityGlobals) = postSolution
		SolutionGuid = {CE42238F-791D-4C23-8046-E8AF64AABFDC}
	EndGlobalSection
EndGlobal
